
Microsoft Visual Studio Solution File, Format Version 12.00
# Visual Studio Version 17
VisualStudioVersion = 17.14.36301.6
MinimumVisualStudioVersion = 10.0.40219.1
Project("{8BC9CEB8-8B4A-11D0-8D11-00A0C91BC942}") = "helpers", "helpers\helpers.vcxproj", "{665FCE36-CFC7-4E16-A978-72E983DE24E5}"
EndProject
Global
	GlobalSection(SolutionConfigurationPlatforms) = preSolution
		Debug|Win32 = Debug|Win32
		Release|Win32 = Release|Win32
	EndGlobalSection
	GlobalSection(ProjectConfigurationPlatforms) = postSolution
		{665FCE36-CFC7-4E16-A978-72E983DE24E5}.Debug|Win32.ActiveCfg = Release|Win32
		{665FCE36-CFC7-4E16-A978-72E983DE24E5}.Debug|Win32.Build.0 = Release|Win32
		{665FCE36-CFC7-4E16-A978-72E983DE24E5}.Release|Win32.ActiveCfg = Release|Win32
		{665FCE36-CFC7-4E16-A978-72E983DE24E5}.Release|Win32.Build.0 = Release|Win32
	EndGlobalSection
	GlobalSection(SolutionProperties) = preSolution
		HideSolutionNode = FALSE
	EndGlobalSection
	GlobalSection(ExtensibilityGlobals) = postSolution
		SolutionGuid = {E3F2455C-506B-4E1D-9BBD-C6C33B4199ED}
	EndGlobalSection
EndGlobal
